{
  "name": "aws-bootcamp-cruddur-2023",
  "lockfileVersion": 2,
  "requires": true,
  "packages": {
    "": {
      "dependencies": {
        "@aws-cdk/aws-ec2": "^1.201.0"
      }
    },
    "node_modules/@aws-cdk/assets": {
      "version": "1.201.0",
      "resolved": "https://registry.npmjs.org/@aws-cdk/assets/-/assets-1.201.0.tgz",
      "integrity": "sha512-JuJTUkvsuIRkjYEfjXO9VjKpHw+JNuARH4QJ3nlR6rX9I7W9N35OiFqTHpUVhmpixAhvxPFeWubl84YsDXlYyQ==",
      "dependencies": {
        "@aws-cdk/core": "1.201.0",
        "@aws-cdk/cx-api": "1.201.0",
        "constructs": "^3.3.69"
      },
      "engines": {
        "node": ">= 14.15.0"
      },
      "peerDependencies": {
        "@aws-cdk/core": "1.201.0",
        "@aws-cdk/cx-api": "1.201.0",
        "constructs": "^3.3.69"
      }
    },
    "node_modules/@aws-cdk/aws-cloudwatch": {
      "version": "1.201.0",
      "resolved": "https://registry.npmjs.org/@aws-cdk/aws-cloudwatch/-/aws-cloudwatch-1.201.0.tgz",
      "integrity": "sha512-jDMBWXo2DZDKAkYd9GXLD2enr3wO50qEt78b2oyZPBQnZ/ThHFOD5AI8SIfpitKxbtFWU9XWEg1gNphVkPiQNA==",
      "dependencies": {
        "@aws-cdk/aws-iam": "1.201.0",
        "@aws-cdk/core": "1.201.0",
        "constructs": "^3.3.69"
      },
      "engines": {
        "node": ">= 14.15.0"
      },
      "peerDependencies": {
        "@aws-cdk/aws-iam": "1.201.0",
        "@aws-cdk/core": "1.201.0",
        "constructs": "^3.3.69"
      }
    },
    "node_modules/@aws-cdk/aws-ec2": {
      "version": "1.201.0",
      "resolved": "https://registry.npmjs.org/@aws-cdk/aws-ec2/-/aws-ec2-1.201.0.tgz",
      "integrity": "sha512-4b7eyeIz0sUbE8XcnzHL7z/YKmYhFkGptAZtUvzc/fDMyiutBeLKRjS7CTWce+3b5vPmP+Mi7pDdnwXNMT1lHg==",
      "dependencies": {
        "@aws-cdk/aws-cloudwatch": "1.201.0",
        "@aws-cdk/aws-iam": "1.201.0",
        "@aws-cdk/aws-kms": "1.201.0",
        "@aws-cdk/aws-logs": "1.201.0",
        "@aws-cdk/aws-s3": "1.201.0",
        "@aws-cdk/aws-s3-assets": "1.201.0",
        "@aws-cdk/aws-ssm": "1.201.0",
        "@aws-cdk/cloud-assembly-schema": "1.201.0",
        "@aws-cdk/core": "1.201.0",
        "@aws-cdk/cx-api": "1.201.0",
        "@aws-cdk/region-info": "1.201.0",
        "constructs": "^3.3.69"
      },
      "engines": {
        "node": ">= 14.15.0"
      },
      "peerDependencies": {
        "@aws-cdk/aws-cloudwatch": "1.201.0",
        "@aws-cdk/aws-iam": "1.201.0",
        "@aws-cdk/aws-kms": "1.201.0",
        "@aws-cdk/aws-logs": "1.201.0",
        "@aws-cdk/aws-s3": "1.201.0",
        "@aws-cdk/aws-s3-assets": "1.201.0",
        "@aws-cdk/aws-ssm": "1.201.0",
        "@aws-cdk/cloud-assembly-schema": "1.201.0",
        "@aws-cdk/core": "1.201.0",
        "@aws-cdk/cx-api": "1.201.0",
        "@aws-cdk/region-info": "1.201.0",
        "constructs": "^3.3.69"
      }
    },
    "node_modules/@aws-cdk/aws-events": {
      "version": "1.201.0",
      "resolved": "https://registry.npmjs.org/@aws-cdk/aws-events/-/aws-events-1.201.0.tgz",
      "integrity": "sha512-QZ2aT43mmfLshlVkEMRjAmzGvJRaF+uVnTaL2pdjvxKfW9QorORMBkE/KOVFg2yxHysuN2P4zYxn/WeZQzbBaw==",
      "dependencies": {
        "@aws-cdk/aws-iam": "1.201.0",
        "@aws-cdk/core": "1.201.0",
        "constructs": "^3.3.69"
      },
      "engines": {
        "node": ">= 14.15.0"
      },
      "peerDependencies": {
        "@aws-cdk/aws-iam": "1.201.0",
        "@aws-cdk/core": "1.201.0",
        "constructs": "^3.3.69"
      }
    },
    "node_modules/@aws-cdk/aws-iam": {
      "version": "1.201.0",
      "resolved": "https://registry.npmjs.org/@aws-cdk/aws-iam/-/aws-iam-1.201.0.tgz",
      "integrity": "sha512-lT1hGZDHO86WnRaUzevXLPUO2s1wHWRrpARx47ujBMgLkwmXr1vUEINQ2ZJDPGDgxlHypanJaLeK5gcFZAyrgA==",
      "dependencies": {
        "@aws-cdk/core": "1.201.0",
        "@aws-cdk/cx-api": "1.201.0",
        "@aws-cdk/region-info": "1.201.0",
        "constructs": "^3.3.69"
      },
      "engines": {
        "node": ">= 14.15.0"
      },
      "peerDependencies": {
        "@aws-cdk/core": "1.201.0",
        "@aws-cdk/region-info": "1.201.0",
        "constructs": "^3.3.69"
      }
    },
    "node_modules/@aws-cdk/aws-kms": {
      "version": "1.201.0",
      "resolved": "https://registry.npmjs.org/@aws-cdk/aws-kms/-/aws-kms-1.201.0.tgz",
      "integrity": "sha512-gZirxg+aIfMwwP4d4+PC29TuLYy2UG0SHmw7zgS1dL5p/tji+kYqfqoCuLaFu/pcUIs1kubCx0kqJHk0RxCubA==",
      "dependencies": {
        "@aws-cdk/aws-iam": "1.201.0",
        "@aws-cdk/cloud-assembly-schema": "1.201.0",
        "@aws-cdk/core": "1.201.0",
        "@aws-cdk/cx-api": "1.201.0",
        "constructs": "^3.3.69"
      },
      "engines": {
        "node": ">= 14.15.0"
      },
      "peerDependencies": {
        "@aws-cdk/aws-iam": "1.201.0",
        "@aws-cdk/cloud-assembly-schema": "1.201.0",
        "@aws-cdk/core": "1.201.0",
        "@aws-cdk/cx-api": "1.201.0",
        "constructs": "^3.3.69"
      }
    },
    "node_modules/@aws-cdk/aws-logs": {
      "version": "1.201.0",
      "resolved": "https://registry.npmjs.org/@aws-cdk/aws-logs/-/aws-logs-1.201.0.tgz",
      "integrity": "sha512-Te9ls9+RHvuqp2B6CplA4DhfZN9kqiuX1g9IpOD76/hRe5kAJz/+4/XAyaBKPo4D0zOrVYXW0p+0t/eF6j3v4Q==",
      "dependencies": {
        "@aws-cdk/aws-cloudwatch": "1.201.0",
        "@aws-cdk/aws-iam": "1.201.0",
        "@aws-cdk/aws-kms": "1.201.0",
        "@aws-cdk/aws-s3-assets": "1.201.0",
        "@aws-cdk/core": "1.201.0",
        "@aws-cdk/cx-api": "1.201.0",
        "constructs": "^3.3.69"
      },
      "engines": {
        "node": ">= 14.15.0"
      },
      "peerDependencies": {
        "@aws-cdk/aws-cloudwatch": "1.201.0",
        "@aws-cdk/aws-iam": "1.201.0",
        "@aws-cdk/aws-kms": "1.201.0",
        "@aws-cdk/aws-s3-assets": "1.201.0",
        "@aws-cdk/core": "1.201.0",
        "@aws-cdk/cx-api": "1.201.0",
        "constructs": "^3.3.69"
      }
    },
    "node_modules/@aws-cdk/aws-s3": {
      "version": "1.201.0",
      "resolved": "https://registry.npmjs.org/@aws-cdk/aws-s3/-/aws-s3-1.201.0.tgz",
      "integrity": "sha512-AowesFNgzWwm9XeVtFcJ5LK5V9L3L41Y9LE5tpSFCsOXoVCRhfcqyQSAAeA7VfSMnaUWD25LMpQMtVDEwabMMg==",
      "dependencies": {
        "@aws-cdk/aws-events": "1.201.0",
        "@aws-cdk/aws-iam": "1.201.0",
        "@aws-cdk/aws-kms": "1.201.0",
        "@aws-cdk/core": "1.201.0",
        "@aws-cdk/cx-api": "1.201.0",
        "constructs": "^3.3.69"
      },
      "engines": {
        "node": ">= 14.15.0"
      },
      "peerDependencies": {
        "@aws-cdk/aws-events": "1.201.0",
        "@aws-cdk/aws-iam": "1.201.0",
        "@aws-cdk/aws-kms": "1.201.0",
        "@aws-cdk/core": "1.201.0",
        "@aws-cdk/cx-api": "1.201.0",
        "constructs": "^3.3.69"
      }
    },
    "node_modules/@aws-cdk/aws-s3-assets": {
      "version": "1.201.0",
      "resolved": "https://registry.npmjs.org/@aws-cdk/aws-s3-assets/-/aws-s3-assets-1.201.0.tgz",
      "integrity": "sha512-voRPJG+M9D5Lew8ocbm8cNej3OMTvF44pYwsgmy/A5lpcJyCGPCRsfQA0Qp1Kl0UbJ2cQvFC9Qz3bO3lt15PTA==",
      "dependencies": {
        "@aws-cdk/assets": "1.201.0",
        "@aws-cdk/aws-iam": "1.201.0",
        "@aws-cdk/aws-kms": "1.201.0",
        "@aws-cdk/aws-s3": "1.201.0",
        "@aws-cdk/core": "1.201.0",
        "@aws-cdk/cx-api": "1.201.0",
        "constructs": "^3.3.69"
      },
      "engines": {
        "node": ">= 14.15.0"
      },
      "peerDependencies": {
        "@aws-cdk/assets": "1.201.0",
        "@aws-cdk/aws-iam": "1.201.0",
        "@aws-cdk/aws-kms": "1.201.0",
        "@aws-cdk/aws-s3": "1.201.0",
        "@aws-cdk/core": "1.201.0",
        "@aws-cdk/cx-api": "1.201.0",
        "constructs": "^3.3.69"
      }
    },
    "node_modules/@aws-cdk/aws-ssm": {
      "version": "1.201.0",
      "resolved": "https://registry.npmjs.org/@aws-cdk/aws-ssm/-/aws-ssm-1.201.0.tgz",
      "integrity": "sha512-m3Qv0DdF/WG/FGH9OWd2peB3BQYGUCcEvo0At5sOUb/qeLB33F78SfvG4ZDnHYkF8rXd/iRKiznAr/yF/N2eGA==",
      "dependencies": {
        "@aws-cdk/aws-iam": "1.201.0",
        "@aws-cdk/aws-kms": "1.201.0",
        "@aws-cdk/cloud-assembly-schema": "1.201.0",
        "@aws-cdk/core": "1.201.0",
        "constructs": "^3.3.69"
      },
      "engines": {
        "node": ">= 14.15.0"
      },
      "peerDependencies": {
        "@aws-cdk/aws-iam": "1.201.0",
        "@aws-cdk/aws-kms": "1.201.0",
        "@aws-cdk/cloud-assembly-schema": "1.201.0",
        "@aws-cdk/core": "1.201.0",
        "constructs": "^3.3.69"
      }
    },
    "node_modules/@aws-cdk/cloud-assembly-schema": {
      "version": "1.201.0",
      "resolved": "https://registry.npmjs.org/@aws-cdk/cloud-assembly-schema/-/cloud-assembly-schema-1.201.0.tgz",
      "integrity": "sha512-s/W9GvkoaJytySiflMtelW5B/H00dpi503XwG8l1XD3RVzlpT2RU4PGKCho3+uZna4G4468TpgnnxqDY/a4IjA==",
      "bundleDependencies": [
        "jsonschema",
        "semver"
      ],
      "dependencies": {
        "jsonschema": "^1.4.1",
        "semver": "^7.3.8"
      },
      "engines": {
        "node": ">= 14.15.0"
      }
    },
    "node_modules/@aws-cdk/cloud-assembly-schema/node_modules/jsonschema": {
      "version": "1.4.1",
      "inBundle": true,
      "license": "MIT",
      "engines": {
        "node": "*"
      }
    },
    "node_modules/@aws-cdk/cloud-assembly-schema/node_modules/lru-cache": {
      "version": "6.0.0",
      "inBundle": true,
      "license": "ISC",
      "dependencies": {
        "yallist": "^4.0.0"
      },
      "engines": {
        "node": ">=10"
      }
    },
    "node_modules/@aws-cdk/cloud-assembly-schema/node_modules/semver": {
      "version": "7.3.8",
      "inBundle": true,
      "license": "ISC",
      "dependencies": {
        "lru-cache": "^6.0.0"
      },
      "bin": {
        "semver": "bin/semver.js"
      },
      "engines": {
        "node": ">=10"
      }
    },
    "node_modules/@aws-cdk/cloud-assembly-schema/node_modules/yallist": {
      "version": "4.0.0",
      "inBundle": true,
      "license": "ISC"
    },
    "node_modules/@aws-cdk/core": {
      "version": "1.201.0",
      "resolved": "https://registry.npmjs.org/@aws-cdk/core/-/core-1.201.0.tgz",
      "integrity": "sha512-HHQ+cYz7YcFHdpg4XZNCzzofoYQcGBtWxlzzxIOyq28noeKh906G8e7AgjnFXj2yDjY04lgagyUv9X7cukLB/A==",
      "bundleDependencies": [
        "fs-extra",
        "minimatch",
        "@balena/dockerignore",
        "ignore"
      ],
      "dependencies": {
        "@aws-cdk/cloud-assembly-schema": "1.201.0",
        "@aws-cdk/cx-api": "1.201.0",
        "@aws-cdk/region-info": "1.201.0",
        "@balena/dockerignore": "^1.0.2",
        "constructs": "^3.3.69",
        "fs-extra": "^9.1.0",
        "ignore": "^5.2.4",
        "minimatch": "^3.1.2"
      },
      "engines": {
        "node": ">= 14.15.0"
      },
      "peerDependencies": {
        "@aws-cdk/cloud-assembly-schema": "1.201.0",
        "@aws-cdk/cx-api": "1.201.0",
        "@aws-cdk/region-info": "1.201.0",
        "constructs": "^3.3.69"
      }
    },
    "node_modules/@aws-cdk/core/node_modules/@balena/dockerignore": {
      "version": "1.0.2",
      "inBundle": true,
      "license": "Apache-2.0"
    },
    "node_modules/@aws-cdk/core/node_modules/at-least-node": {
      "version": "1.0.0",
      "inBundle": true,
      "license": "ISC",
      "engines": {
        "node": ">= 4.0.0"
      }
    },
    "node_modules/@aws-cdk/core/node_modules/balanced-match": {
      "version": "1.0.2",
      "inBundle": true,
      "license": "MIT"
    },
    "node_modules/@aws-cdk/core/node_modules/brace-expansion": {
      "version": "1.1.11",
      "inBundle": true,
      "license": "MIT",
      "dependencies": {
        "balanced-match": "^1.0.0",
        "concat-map": "0.0.1"
      }
    },
    "node_modules/@aws-cdk/core/node_modules/concat-map": {
      "version": "0.0.1",
      "inBundle": true,
      "license": "MIT"
    },
    "node_modules/@aws-cdk/core/node_modules/fs-extra": {
      "version": "9.1.0",
      "inBundle": true,
      "license": "MIT",
      "dependencies": {
        "at-least-node": "^1.0.0",
        "graceful-fs": "^4.2.0",
        "jsonfile": "^6.0.1",
        "universalify": "^2.0.0"
      },
      "engines": {
        "node": ">=10"
      }
    },
    "node_modules/@aws-cdk/core/node_modules/graceful-fs": {
      "version": "4.2.10",
      "inBundle": true,
      "license": "ISC"
    },
    "node_modules/@aws-cdk/core/node_modules/ignore": {
      "version": "5.2.4",
      "inBundle": true,
      "license": "MIT",
      "engines": {
        "node": ">= 4"
      }
    },
    "node_modules/@aws-cdk/core/node_modules/jsonfile": {
      "version": "6.1.0",
      "inBundle": true,
      "license": "MIT",
      "dependencies": {
        "universalify": "^2.0.0"
      },
      "optionalDependencies": {
        "graceful-fs": "^4.1.6"
      }
    },
    "node_modules/@aws-cdk/core/node_modules/minimatch": {
      "version": "3.1.2",
      "inBundle": true,
      "license": "ISC",
      "dependencies": {
        "brace-expansion": "^1.1.7"
      },
      "engines": {
        "node": "*"
      }
    },
    "node_modules/@aws-cdk/core/node_modules/universalify": {
      "version": "2.0.0",
      "inBundle": true,
      "license": "MIT",
      "engines": {
        "node": ">= 10.0.0"
      }
    },
    "node_modules/@aws-cdk/cx-api": {
      "version": "1.201.0",
      "resolved": "https://registry.npmjs.org/@aws-cdk/cx-api/-/cx-api-1.201.0.tgz",
      "integrity": "sha512-wNu6jbMRenM/xIEwzMqEAha+sVnB0ggSQ7Qa3BnAlxjj2a3h7HSsTuc4uxq1693weJKyvh0/gEZWgm5DYfWtDw==",
      "bundleDependencies": [
        "semver"
      ],
      "dependencies": {
        "@aws-cdk/cloud-assembly-schema": "1.201.0",
        "semver": "^7.3.8"
      },
      "engines": {
        "node": ">= 14.15.0"
      },
      "peerDependencies": {
        "@aws-cdk/cloud-assembly-schema": "1.201.0"
      }
    },
    "node_modules/@aws-cdk/cx-api/node_modules/lru-cache": {
      "version": "6.0.0",
      "inBundle": true,
      "license": "ISC",
      "dependencies": {
        "yallist": "^4.0.0"
      },
      "engines": {
        "node": ">=10"
      }
    },
    "node_modules/@aws-cdk/cx-api/node_modules/semver": {
      "version": "7.3.8",
      "inBundle": true,
      "license": "ISC",
      "dependencies": {
        "lru-cache": "^6.0.0"
      },
      "bin": {
        "semver": "bin/semver.js"
      },
      "engines": {
        "node": ">=10"
      }
    },
    "node_modules/@aws-cdk/cx-api/node_modules/yallist": {
      "version": "4.0.0",
      "inBundle": true,
      "license": "ISC"
    },
    "node_modules/@aws-cdk/region-info": {
      "version": "1.201.0",
      "resolved": "https://registry.npmjs.org/@aws-cdk/region-info/-/region-info-1.201.0.tgz",
      "integrity": "sha512-BTXcAeEZsBMzIu8BWmc09Rkl+7utSb2sfq7dNiPx5oasQesBy3TpFUSGYgrJGdi1AyeVxzEU78NjNjU4HwoU8Q==",
      "engines": {
        "node": ">= 14.15.0"
      }
    },
    "node_modules/constructs": {
      "version": "3.4.305",
      "resolved": "https://registry.npmjs.org/constructs/-/constructs-3.4.305.tgz",
      "integrity": "sha512-p46KqAmimUmwBTIkxKdAX1VdHsnXm+vVrYZZkpreQAzhztJbnulOoWg3e7SLXS2KCSuN1clc9Wd/GPQhyU4pmw==",
      "engines": {
        "node": ">= 16.14.0"
      }
    }
  },
  "dependencies": {
    "@aws-cdk/assets": {
      "version": "1.201.0",
      "resolved": "https://registry.npmjs.org/@aws-cdk/assets/-/assets-1.201.0.tgz",
      "integrity": "sha512-JuJTUkvsuIRkjYEfjXO9VjKpHw+JNuARH4QJ3nlR6rX9I7W9N35OiFqTHpUVhmpixAhvxPFeWubl84YsDXlYyQ==",
      "requires": {
        "@aws-cdk/core": "1.201.0",
        "@aws-cdk/cx-api": "1.201.0",
        "constructs": "^3.3.69"
      }
    },
    "@aws-cdk/aws-cloudwatch": {
      "version": "1.201.0",
      "resolved": "https://registry.npmjs.org/@aws-cdk/aws-cloudwatch/-/aws-cloudwatch-1.201.0.tgz",
      "integrity": "sha512-jDMBWXo2DZDKAkYd9GXLD2enr3wO50qEt78b2oyZPBQnZ/ThHFOD5AI8SIfpitKxbtFWU9XWEg1gNphVkPiQNA==",
      "requires": {
        "@aws-cdk/aws-iam": "1.201.0",
        "@aws-cdk/core": "1.201.0",
        "constructs": "^3.3.69"
      }
    },
    "@aws-cdk/aws-ec2": {
      "version": "1.201.0",
      "resolved": "https://registry.npmjs.org/@aws-cdk/aws-ec2/-/aws-ec2-1.201.0.tgz",
      "integrity": "sha512-4b7eyeIz0sUbE8XcnzHL7z/YKmYhFkGptAZtUvzc/fDMyiutBeLKRjS7CTWce+3b5vPmP+Mi7pDdnwXNMT1lHg==",
      "requires": {
        "@aws-cdk/aws-cloudwatch": "1.201.0",
        "@aws-cdk/aws-iam": "1.201.0",
        "@aws-cdk/aws-kms": "1.201.0",
        "@aws-cdk/aws-logs": "1.201.0",
        "@aws-cdk/aws-s3": "1.201.0",
        "@aws-cdk/aws-s3-assets": "1.201.0",
        "@aws-cdk/aws-ssm": "1.201.0",
        "@aws-cdk/cloud-assembly-schema": "1.201.0",
        "@aws-cdk/core": "1.201.0",
        "@aws-cdk/cx-api": "1.201.0",
        "@aws-cdk/region-info": "1.201.0",
        "constructs": "^3.3.69"
      }
    },
    "@aws-cdk/aws-events": {
      "version": "1.201.0",
      "resolved": "https://registry.npmjs.org/@aws-cdk/aws-events/-/aws-events-1.201.0.tgz",
      "integrity": "sha512-QZ2aT43mmfLshlVkEMRjAmzGvJRaF+uVnTaL2pdjvxKfW9QorORMBkE/KOVFg2yxHysuN2P4zYxn/WeZQzbBaw==",
      "requires": {
        "@aws-cdk/aws-iam": "1.201.0",
        "@aws-cdk/core": "1.201.0",
        "constructs": "^3.3.69"
      }
    },
    "@aws-cdk/aws-iam": {
      "version": "1.201.0",
      "resolved": "https://registry.npmjs.org/@aws-cdk/aws-iam/-/aws-iam-1.201.0.tgz",
      "integrity": "sha512-lT1hGZDHO86WnRaUzevXLPUO2s1wHWRrpARx47ujBMgLkwmXr1vUEINQ2ZJDPGDgxlHypanJaLeK5gcFZAyrgA==",
      "requires": {
        "@aws-cdk/core": "1.201.0",
        "@aws-cdk/cx-api": "1.201.0",
        "@aws-cdk/region-info": "1.201.0",
        "constructs": "^3.3.69"
      }
    },
    "@aws-cdk/aws-kms": {
      "version": "1.201.0",
      "resolved": "https://registry.npmjs.org/@aws-cdk/aws-kms/-/aws-kms-1.201.0.tgz",
      "integrity": "sha512-gZirxg+aIfMwwP4d4+PC29TuLYy2UG0SHmw7zgS1dL5p/tji+kYqfqoCuLaFu/pcUIs1kubCx0kqJHk0RxCubA==",
      "requires": {
        "@aws-cdk/aws-iam": "1.201.0",
        "@aws-cdk/cloud-assembly-schema": "1.201.0",
        "@aws-cdk/core": "1.201.0",
        "@aws-cdk/cx-api": "1.201.0",
        "constructs": "^3.3.69"
      }
    },
    "@aws-cdk/aws-logs": {
      "version": "1.201.0",
      "resolved": "https://registry.npmjs.org/@aws-cdk/aws-logs/-/aws-logs-1.201.0.tgz",
      "integrity": "sha512-Te9ls9+RHvuqp2B6CplA4DhfZN9kqiuX1g9IpOD76/hRe5kAJz/+4/XAyaBKPo4D0zOrVYXW0p+0t/eF6j3v4Q==",
      "requires": {
        "@aws-cdk/aws-cloudwatch": "1.201.0",
        "@aws-cdk/aws-iam": "1.201.0",
        "@aws-cdk/aws-kms": "1.201.0",
        "@aws-cdk/aws-s3-assets": "1.201.0",
        "@aws-cdk/core": "1.201.0",
        "@aws-cdk/cx-api": "1.201.0",
        "constructs": "^3.3.69"
      }
    },
    "@aws-cdk/aws-s3": {
      "version": "1.201.0",
      "resolved": "https://registry.npmjs.org/@aws-cdk/aws-s3/-/aws-s3-1.201.0.tgz",
      "integrity": "sha512-AowesFNgzWwm9XeVtFcJ5LK5V9L3L41Y9LE5tpSFCsOXoVCRhfcqyQSAAeA7VfSMnaUWD25LMpQMtVDEwabMMg==",
      "requires": {
        "@aws-cdk/aws-events": "1.201.0",
        "@aws-cdk/aws-iam": "1.201.0",
        "@aws-cdk/aws-kms": "1.201.0",
        "@aws-cdk/core": "1.201.0",
        "@aws-cdk/cx-api": "1.201.0",
        "constructs": "^3.3.69"
      }
    },
    "@aws-cdk/aws-s3-assets": {
      "version": "1.201.0",
      "resolved": "https://registry.npmjs.org/@aws-cdk/aws-s3-assets/-/aws-s3-assets-1.201.0.tgz",
      "integrity": "sha512-voRPJG+M9D5Lew8ocbm8cNej3OMTvF44pYwsgmy/A5lpcJyCGPCRsfQA0Qp1Kl0UbJ2cQvFC9Qz3bO3lt15PTA==",
      "requires": {
        "@aws-cdk/assets": "1.201.0",
        "@aws-cdk/aws-iam": "1.201.0",
        "@aws-cdk/aws-kms": "1.201.0",
        "@aws-cdk/aws-s3": "1.201.0",
        "@aws-cdk/core": "1.201.0",
        "@aws-cdk/cx-api": "1.201.0",
        "constructs": "^3.3.69"
      }
    },
    "@aws-cdk/aws-ssm": {
      "version": "1.201.0",
      "resolved": "https://registry.npmjs.org/@aws-cdk/aws-ssm/-/aws-ssm-1.201.0.tgz",
      "integrity": "sha512-m3Qv0DdF/WG/FGH9OWd2peB3BQYGUCcEvo0At5sOUb/qeLB33F78SfvG4ZDnHYkF8rXd/iRKiznAr/yF/N2eGA==",
      "requires": {
        "@aws-cdk/aws-iam": "1.201.0",
        "@aws-cdk/aws-kms": "1.201.0",
        "@aws-cdk/cloud-assembly-schema": "1.201.0",
        "@aws-cdk/core": "1.201.0",
        "constructs": "^3.3.69"
      }
    },
    "@aws-cdk/cloud-assembly-schema": {
      "version": "1.201.0",
      "resolved": "https://registry.npmjs.org/@aws-cdk/cloud-assembly-schema/-/cloud-assembly-schema-1.201.0.tgz",
      "integrity": "sha512-s/W9GvkoaJytySiflMtelW5B/H00dpi503XwG8l1XD3RVzlpT2RU4PGKCho3+uZna4G4468TpgnnxqDY/a4IjA==",
      "requires": {
        "jsonschema": "^1.4.1",
        "semver": "^7.3.8"
      },
      "dependencies": {
        "jsonschema": {
          "version": "1.4.1",
          "bundled": true
        },
        "lru-cache": {
          "version": "6.0.0",
          "bundled": true,
          "requires": {
            "yallist": "^4.0.0"
          }
        },
        "semver": {
          "version": "7.3.8",
          "bundled": true,
          "requires": {
            "lru-cache": "^6.0.0"
          }
        },
        "yallist": {
          "version": "4.0.0",
          "bundled": true
        }
      }
    },
    "@aws-cdk/core": {
      "version": "1.201.0",
      "resolved": "https://registry.npmjs.org/@aws-cdk/core/-/core-1.201.0.tgz",
      "integrity": "sha512-HHQ+cYz7YcFHdpg4XZNCzzofoYQcGBtWxlzzxIOyq28noeKh906G8e7AgjnFXj2yDjY04lgagyUv9X7cukLB/A==",
      "requires": {
        "@aws-cdk/cloud-assembly-schema": "1.201.0",
        "@aws-cdk/cx-api": "1.201.0",
        "@aws-cdk/region-info": "1.201.0",
        "@balena/dockerignore": "^1.0.2",
        "constructs": "^3.3.69",
        "fs-extra": "^9.1.0",
        "ignore": "^5.2.4",
        "minimatch": "^3.1.2"
      },
      "dependencies": {
        "@balena/dockerignore": {
          "version": "1.0.2",
          "bundled": true
        },
        "at-least-node": {
          "version": "1.0.0",
          "bundled": true
        },
        "balanced-match": {
          "version": "1.0.2",
          "bundled": true
        },
        "brace-expansion": {
          "version": "1.1.11",
          "bundled": true,
          "requires": {
            "balanced-match": "^1.0.0",
            "concat-map": "0.0.1"
          }
        },
        "concat-map": {
          "version": "0.0.1",
          "bundled": true
        },
        "fs-extra": {
          "version": "9.1.0",
          "bundled": true,
          "requires": {
            "at-least-node": "^1.0.0",
            "graceful-fs": "^4.2.0",
            "jsonfile": "^6.0.1",
            "universalify": "^2.0.0"
          }
        },
        "graceful-fs": {
          "version": "4.2.10",
          "bundled": true
        },
        "ignore": {
          "version": "5.2.4",
          "bundled": true
        },
        "jsonfile": {
          "version": "6.1.0",
          "bundled": true,
          "requires": {
            "graceful-fs": "^4.1.6",
            "universalify": "^2.0.0"
          }
        },
        "minimatch": {
          "version": "3.1.2",
          "bundled": true,
          "requires": {
            "brace-expansion": "^1.1.7"
          }
        },
        "universalify": {
          "version": "2.0.0",
          "bundled": true
        }
      }
    },
    "@aws-cdk/cx-api": {
      "version": "1.201.0",
      "resolved": "https://registry.npmjs.org/@aws-cdk/cx-api/-/cx-api-1.201.0.tgz",
      "integrity": "sha512-wNu6jbMRenM/xIEwzMqEAha+sVnB0ggSQ7Qa3BnAlxjj2a3h7HSsTuc4uxq1693weJKyvh0/gEZWgm5DYfWtDw==",
      "requires": {
        "@aws-cdk/cloud-assembly-schema": "1.201.0",
        "semver": "^7.3.8"
      },
      "dependencies": {
        "lru-cache": {
          "version": "6.0.0",
          "bundled": true,
          "requires": {
            "yallist": "^4.0.0"
          }
        },
        "semver": {
          "version": "7.3.8",
          "bundled": true,
          "requires": {
            "lru-cache": "^6.0.0"
          }
        },
        "yallist": {
          "version": "4.0.0",
          "bundled": true
        }
      }
    },
    "@aws-cdk/region-info": {
      "version": "1.201.0",
      "resolved": "https://registry.npmjs.org/@aws-cdk/region-info/-/region-info-1.201.0.tgz",
      "integrity": "sha512-BTXcAeEZsBMzIu8BWmc09Rkl+7utSb2sfq7dNiPx5oasQesBy3TpFUSGYgrJGdi1AyeVxzEU78NjNjU4HwoU8Q=="
    },
    "constructs": {
      "version": "3.4.305",
      "resolved": "https://registry.npmjs.org/constructs/-/constructs-3.4.305.tgz",
      "integrity": "sha512-p46KqAmimUmwBTIkxKdAX1VdHsnXm+vVrYZZkpreQAzhztJbnulOoWg3e7SLXS2KCSuN1clc9Wd/GPQhyU4pmw=="
    }
  }
}
